// !$*UTF8*$!
{
	archiveVersion = 1;
	classes = {
	};
	objectVersion = 51;
	objects = {

/* Begin PBXBuildFile section */
		920ED9F026AB03B600E2A19A /* FPUIDefinitions.swift in Sources */ = {isa = PBXBuildFile; fileRef = 920ED9EF26AB03B600E2A19A /* FPUIDefinitions.swift */; };
		920ED9F926AB107A00E2A19A /* FPMainViewController+Extension.swift in Sources */ = {isa = PBXBuildFile; fileRef = 920ED9F826AB107A00E2A19A /* FPMainViewController+Extension.swift */; };
		920EDA0026AB1B9A00E2A19A /* FPBackgroundCell.swift in Sources */ = {isa = PBXBuildFile; fileRef = 920ED9FF26AB1B9A00E2A19A /* FPBackgroundCell.swift */; };
		920EDA0326AB591900E2A19A /* FPStatusBarHelper.swift in Sources */ = {isa = PBXBuildFile; fileRef = 920EDA0226AB591900E2A19A /* FPStatusBarHelper.swift */; };
		920EDA0E26AB6E5C00E2A19A /* FPButtonFactory.swift in Sources */ = {isa = PBXBuildFile; fileRef = 920EDA0D26AB6E5C00E2A19A /* FPButtonFactory.swift */; };
		920EDA1126AB705C00E2A19A /* FPButton.swift in Sources */ = {isa = PBXBuildFile; fileRef = 920EDA1026AB705C00E2A19A /* FPButton.swift */; };
		926E9E0226AC58D500279AB2 /* GoogleService-Info.plist in Resources */ = {isa = PBXBuildFile; fileRef = 926E9E0126AC58D500279AB2 /* GoogleService-Info.plist */; };
		926E9E2B26AC634D00279AB2 /* FPLoginViewController.swift in Sources */ = {isa = PBXBuildFile; fileRef = 926E9E2A26AC634D00279AB2 /* FPLoginViewController.swift */; };
		929824C926ADBF2E002C0A3F /* mineCenter.json in Resources */ = {isa = PBXBuildFile; fileRef = 929824C826ADBF2E002C0A3F /* mineCenter.json */; };
		929824D026ADBF7B002C0A3F /* record.json in Resources */ = {isa = PBXBuildFile; fileRef = 929824CF26ADBF7B002C0A3F /* record.json */; };
		929824D326ADE0DC002C0A3F /* FPTabBar.swift in Sources */ = {isa = PBXBuildFile; fileRef = 929824D226ADE0DC002C0A3F /* FPTabBar.swift */; };
		929824D726AF10D4002C0A3F /* FPHomeActivitiesViewController.swift in Sources */ = {isa = PBXBuildFile; fileRef = 929824D626AF10D4002C0A3F /* FPHomeActivitiesViewController.swift */; };
		929824DA26AF1216002C0A3F /* FPMineInfoViewController.swift in Sources */ = {isa = PBXBuildFile; fileRef = 929824D926AF1216002C0A3F /* FPMineInfoViewController.swift */; };
		929824DD26AF1818002C0A3F /* FPRecordViewController+MapExt.swift in Sources */ = {isa = PBXBuildFile; fileRef = 929824DC26AF1818002C0A3F /* FPRecordViewController+MapExt.swift */; };
		929824E226AF8666002C0A3F /* FPActivityCell.swift in Sources */ = {isa = PBXBuildFile; fileRef = 929824E126AF8666002C0A3F /* FPActivityCell.swift */; };
		929824E526AF86BE002C0A3F /* FPHomeActivitiesViewController+Ext.swift in Sources */ = {isa = PBXBuildFile; fileRef = 929824E426AF86BE002C0A3F /* FPHomeActivitiesViewController+Ext.swift */; };
		929824E826B04091002C0A3F /* FPFeedStatusView.swift in Sources */ = {isa = PBXBuildFile; fileRef = 929824E726B04091002C0A3F /* FPFeedStatusView.swift */; };
		929824EB26B04F1B002C0A3F /* FPVerticalLine.swift in Sources */ = {isa = PBXBuildFile; fileRef = 929824EA26B04F1B002C0A3F /* FPVerticalLine.swift */; };
		929824EE26B05226002C0A3F /* FPFeedBottomBar.swift in Sources */ = {isa = PBXBuildFile; fileRef = 929824ED26B05226002C0A3F /* FPFeedBottomBar.swift */; };
		929824F326B0605C002C0A3F /* FPMineCenterTopBar.swift in Sources */ = {isa = PBXBuildFile; fileRef = 929824F226B0605C002C0A3F /* FPMineCenterTopBar.swift */; };
		929824F626B0730C002C0A3F /* FPMineInfoViewController+Ext.swift in Sources */ = {isa = PBXBuildFile; fileRef = 929824F526B0730C002C0A3F /* FPMineInfoViewController+Ext.swift */; };
		929824FA26B082C2002C0A3F /* FPProfileCell.swift in Sources */ = {isa = PBXBuildFile; fileRef = 929824F926B082C2002C0A3F /* FPProfileCell.swift */; };
		929824FD26B082DD002C0A3F /* FPStatusCell.swift in Sources */ = {isa = PBXBuildFile; fileRef = 929824FC26B082DD002C0A3F /* FPStatusCell.swift */; };
		9298250026B082FE002C0A3F /* FPWeeklyStatusCell.swift in Sources */ = {isa = PBXBuildFile; fileRef = 929824FF26B082FE002C0A3F /* FPWeeklyStatusCell.swift */; };
		9298250326B0BB0E002C0A3F /* FPStatusCell+Ext.swift in Sources */ = {isa = PBXBuildFile; fileRef = 9298250226B0BB0E002C0A3F /* FPStatusCell+Ext.swift */; };
		9298250726B0BB93002C0A3F /* FPOptionCell.swift in Sources */ = {isa = PBXBuildFile; fileRef = 9298250626B0BB93002C0A3F /* FPOptionCell.swift */; };
		9298254826B20F8E002C0A3F /* FPSettingsViewController.swift in Sources */ = {isa = PBXBuildFile; fileRef = 9298254726B20F8E002C0A3F /* FPSettingsViewController.swift */; };
		9298254B26B20FA3002C0A3F /* FPStatisticsViewController.swift in Sources */ = {isa = PBXBuildFile; fileRef = 9298254A26B20FA3002C0A3F /* FPStatisticsViewController.swift */; };
		9298254E26B20FC0002C0A3F /* FPPersonalActivitiesViewController.swift in Sources */ = {isa = PBXBuildFile; fileRef = 9298254D26B20FC0002C0A3F /* FPPersonalActivitiesViewController.swift */; };
		9298255126B224B9002C0A3F /* FPAddFriendsViewController.swift in Sources */ = {isa = PBXBuildFile; fileRef = 9298255026B224B9002C0A3F /* FPAddFriendsViewController.swift */; };
		92A734BA26A87AF100C0D21F /* AppDelegate.swift in Sources */ = {isa = PBXBuildFile; fileRef = 92A734B926A87AF100C0D21F /* AppDelegate.swift */; };
		92A734BC26A87AF100C0D21F /* SceneDelegate.swift in Sources */ = {isa = PBXBuildFile; fileRef = 92A734BB26A87AF100C0D21F /* SceneDelegate.swift */; };
		92A734BE26A87AF100C0D21F /* FPMainViewController.swift in Sources */ = {isa = PBXBuildFile; fileRef = 92A734BD26A87AF100C0D21F /* FPMainViewController.swift */; };
		92A734C326A87AF200C0D21F /* Assets.xcassets in Resources */ = {isa = PBXBuildFile; fileRef = 92A734C226A87AF200C0D21F /* Assets.xcassets */; };
		92A734C626A87AF200C0D21F /* LaunchScreen.storyboard in Resources */ = {isa = PBXBuildFile; fileRef = 92A734C426A87AF200C0D21F /* LaunchScreen.storyboard */; };
		92FEDA0326ADA3FE0045941D /* FPLoginViewController+TextFieldExt.swift in Sources */ = {isa = PBXBuildFile; fileRef = 92FEDA0226ADA3FE0045941D /* FPLoginViewController+TextFieldExt.swift */; };
		92FEDA0C26ADAE870045941D /* FPFitnessCenterViewController.swift in Sources */ = {isa = PBXBuildFile; fileRef = 92FEDA0B26ADAE870045941D /* FPFitnessCenterViewController.swift */; };
		92FEDA0F26ADAF040045941D /* FPRecordViewController.swift in Sources */ = {isa = PBXBuildFile; fileRef = 92FEDA0E26ADAF040045941D /* FPRecordViewController.swift */; };
		92FEDA1226ADAF730045941D /* FPHomeViewController.swift in Sources */ = {isa = PBXBuildFile; fileRef = 92FEDA1126ADAF730045941D /* FPHomeViewController.swift */; };
		92FEDA1526ADAF860045941D /* FPMineCenterViewController.swift in Sources */ = {isa = PBXBuildFile; fileRef = 92FEDA1426ADAF860045941D /* FPMineCenterViewController.swift */; };
		92FEDA1826ADB0E50045941D /* FPFitnessCenterViewController+Ext.swift in Sources */ = {isa = PBXBuildFile; fileRef = 92FEDA1726ADB0E50045941D /* FPFitnessCenterViewController+Ext.swift */; };
		92FEDA3326ADB9FE0045941D /* home.json in Resources */ = {isa = PBXBuildFile; fileRef = 92FEDA3226ADB9FE0045941D /* home.json */; };
		9FEE701F6FE1B88B785320D2 /* Pods_FitPal.framework in Frameworks */ = {isa = PBXBuildFile; fileRef = 83E11270F72B689F971BC3E0 /* Pods_FitPal.framework */; };
/* End PBXBuildFile section */

/* Begin PBXFileReference section */
		561CBDED8F2422985CBF32E2 /* Pods-FitPal.debug.xcconfig */ = {isa = PBXFileReference; includeInIndex = 1; lastKnownFileType = text.xcconfig; name = "Pods-FitPal.debug.xcconfig"; path = "Target Support Files/Pods-FitPal/Pods-FitPal.debug.xcconfig"; sourceTree = "<group>"; };
		6840FB4C271F5F6838B9D934 /* Pods-FitPal.release.xcconfig */ = {isa = PBXFileReference; includeInIndex = 1; lastKnownFileType = text.xcconfig; name = "Pods-FitPal.release.xcconfig"; path = "Target Support Files/Pods-FitPal/Pods-FitPal.release.xcconfig"; sourceTree = "<group>"; };
		83E11270F72B689F971BC3E0 /* Pods_FitPal.framework */ = {isa = PBXFileReference; explicitFileType = wrapper.framework; includeInIndex = 0; path = Pods_FitPal.framework; sourceTree = BUILT_PRODUCTS_DIR; };
		920ED9EF26AB03B600E2A19A /* FPUIDefinitions.swift */ = {isa = PBXFileReference; lastKnownFileType = sourcecode.swift; path = FPUIDefinitions.swift; sourceTree = "<group>"; };
		920ED9F826AB107A00E2A19A /* FPMainViewController+Extension.swift */ = {isa = PBXFileReference; lastKnownFileType = sourcecode.swift; path = "FPMainViewController+Extension.swift"; sourceTree = "<group>"; };
		920ED9FF26AB1B9A00E2A19A /* FPBackgroundCell.swift */ = {isa = PBXFileReference; lastKnownFileType = sourcecode.swift; path = FPBackgroundCell.swift; sourceTree = "<group>"; };
		920EDA0226AB591900E2A19A /* FPStatusBarHelper.swift */ = {isa = PBXFileReference; lastKnownFileType = sourcecode.swift; path = FPStatusBarHelper.swift; sourceTree = "<group>"; };
		920EDA0D26AB6E5C00E2A19A /* FPButtonFactory.swift */ = {isa = PBXFileReference; lastKnownFileType = sourcecode.swift; path = FPButtonFactory.swift; sourceTree = "<group>"; };
		920EDA1026AB705C00E2A19A /* FPButton.swift */ = {isa = PBXFileReference; lastKnownFileType = sourcecode.swift; path = FPButton.swift; sourceTree = "<group>"; };
		926E9E0126AC58D500279AB2 /* GoogleService-Info.plist */ = {isa = PBXFileReference; fileEncoding = 4; lastKnownFileType = text.plist.xml; path = "GoogleService-Info.plist"; sourceTree = "<group>"; };
		926E9E2A26AC634D00279AB2 /* FPLoginViewController.swift */ = {isa = PBXFileReference; lastKnownFileType = sourcecode.swift; path = FPLoginViewController.swift; sourceTree = "<group>"; };
		929824C826ADBF2E002C0A3F /* mineCenter.json */ = {isa = PBXFileReference; lastKnownFileType = text.json; path = mineCenter.json; sourceTree = "<group>"; };
		929824CF26ADBF7B002C0A3F /* record.json */ = {isa = PBXFileReference; fileEncoding = 4; lastKnownFileType = text.json; path = record.json; sourceTree = "<group>"; };
		929824D226ADE0DC002C0A3F /* FPTabBar.swift */ = {isa = PBXFileReference; lastKnownFileType = sourcecode.swift; path = FPTabBar.swift; sourceTree = "<group>"; };
		929824D626AF10D4002C0A3F /* FPHomeActivitiesViewController.swift */ = {isa = PBXFileReference; lastKnownFileType = sourcecode.swift; path = FPHomeActivitiesViewController.swift; sourceTree = "<group>"; };
		929824D926AF1216002C0A3F /* FPMineInfoViewController.swift */ = {isa = PBXFileReference; lastKnownFileType = sourcecode.swift; path = FPMineInfoViewController.swift; sourceTree = "<group>"; };
		929824DC26AF1818002C0A3F /* FPRecordViewController+MapExt.swift */ = {isa = PBXFileReference; lastKnownFileType = sourcecode.swift; path = "FPRecordViewController+MapExt.swift"; sourceTree = "<group>"; };
		929824E126AF8666002C0A3F /* FPActivityCell.swift */ = {isa = PBXFileReference; lastKnownFileType = sourcecode.swift; path = FPActivityCell.swift; sourceTree = "<group>"; };
		929824E426AF86BE002C0A3F /* FPHomeActivitiesViewController+Ext.swift */ = {isa = PBXFileReference; lastKnownFileType = sourcecode.swift; path = "FPHomeActivitiesViewController+Ext.swift"; sourceTree = "<group>"; };
		929824E726B04091002C0A3F /* FPFeedStatusView.swift */ = {isa = PBXFileReference; lastKnownFileType = sourcecode.swift; path = FPFeedStatusView.swift; sourceTree = "<group>"; };
		929824EA26B04F1B002C0A3F /* FPVerticalLine.swift */ = {isa = PBXFileReference; lastKnownFileType = sourcecode.swift; path = FPVerticalLine.swift; sourceTree = "<group>"; };
		929824ED26B05226002C0A3F /* FPFeedBottomBar.swift */ = {isa = PBXFileReference; lastKnownFileType = sourcecode.swift; path = FPFeedBottomBar.swift; sourceTree = "<group>"; };
		929824F226B0605C002C0A3F /* FPMineCenterTopBar.swift */ = {isa = PBXFileReference; lastKnownFileType = sourcecode.swift; path = FPMineCenterTopBar.swift; sourceTree = "<group>"; };
		929824F526B0730C002C0A3F /* FPMineInfoViewController+Ext.swift */ = {isa = PBXFileReference; lastKnownFileType = sourcecode.swift; path = "FPMineInfoViewController+Ext.swift"; sourceTree = "<group>"; };
		929824F926B082C2002C0A3F /* FPProfileCell.swift */ = {isa = PBXFileReference; lastKnownFileType = sourcecode.swift; path = FPProfileCell.swift; sourceTree = "<group>"; };
		929824FC26B082DD002C0A3F /* FPStatusCell.swift */ = {isa = PBXFileReference; lastKnownFileType = sourcecode.swift; path = FPStatusCell.swift; sourceTree = "<group>"; };
		929824FF26B082FE002C0A3F /* FPWeeklyStatusCell.swift */ = {isa = PBXFileReference; lastKnownFileType = sourcecode.swift; path = FPWeeklyStatusCell.swift; sourceTree = "<group>"; };
		9298250226B0BB0E002C0A3F /* FPStatusCell+Ext.swift */ = {isa = PBXFileReference; lastKnownFileType = sourcecode.swift; path = "FPStatusCell+Ext.swift"; sourceTree = "<group>"; };
		9298250626B0BB93002C0A3F /* FPOptionCell.swift */ = {isa = PBXFileReference; lastKnownFileType = sourcecode.swift; path = FPOptionCell.swift; sourceTree = "<group>"; };
		9298254726B20F8E002C0A3F /* FPSettingsViewController.swift */ = {isa = PBXFileReference; lastKnownFileType = sourcecode.swift; path = FPSettingsViewController.swift; sourceTree = "<group>"; };
		9298254A26B20FA3002C0A3F /* FPStatisticsViewController.swift */ = {isa = PBXFileReference; lastKnownFileType = sourcecode.swift; path = FPStatisticsViewController.swift; sourceTree = "<group>"; };
		9298254D26B20FC0002C0A3F /* FPPersonalActivitiesViewController.swift */ = {isa = PBXFileReference; lastKnownFileType = sourcecode.swift; path = FPPersonalActivitiesViewController.swift; sourceTree = "<group>"; };
		9298255026B224B9002C0A3F /* FPAddFriendsViewController.swift */ = {isa = PBXFileReference; lastKnownFileType = sourcecode.swift; path = FPAddFriendsViewController.swift; sourceTree = "<group>"; };
		92A734B626A87AF100C0D21F /* FitPal.app */ = {isa = PBXFileReference; explicitFileType = wrapper.application; includeInIndex = 0; path = FitPal.app; sourceTree = BUILT_PRODUCTS_DIR; };
		92A734B926A87AF100C0D21F /* AppDelegate.swift */ = {isa = PBXFileReference; lastKnownFileType = sourcecode.swift; path = AppDelegate.swift; sourceTree = "<group>"; };
		92A734BB26A87AF100C0D21F /* SceneDelegate.swift */ = {isa = PBXFileReference; lastKnownFileType = sourcecode.swift; path = SceneDelegate.swift; sourceTree = "<group>"; };
		92A734BD26A87AF100C0D21F /* FPMainViewController.swift */ = {isa = PBXFileReference; lastKnownFileType = sourcecode.swift; path = FPMainViewController.swift; sourceTree = "<group>"; };
		92A734C226A87AF200C0D21F /* Assets.xcassets */ = {isa = PBXFileReference; lastKnownFileType = folder.assetcatalog; path = Assets.xcassets; sourceTree = "<group>"; };
		92A734C526A87AF200C0D21F /* Base */ = {isa = PBXFileReference; lastKnownFileType = file.storyboard; name = Base; path = Base.lproj/LaunchScreen.storyboard; sourceTree = "<group>"; };
		92A734C726A87AF200C0D21F /* Info.plist */ = {isa = PBXFileReference; lastKnownFileType = text.plist.xml; path = Info.plist; sourceTree = "<group>"; };
		92FED9FC26AD8F960045941D /* FitPal.entitlements */ = {isa = PBXFileReference; lastKnownFileType = text.plist.entitlements; path = FitPal.entitlements; sourceTree = "<group>"; };
		92FEDA0226ADA3FE0045941D /* FPLoginViewController+TextFieldExt.swift */ = {isa = PBXFileReference; lastKnownFileType = sourcecode.swift; path = "FPLoginViewController+TextFieldExt.swift"; sourceTree = "<group>"; };
		92FEDA0B26ADAE870045941D /* FPFitnessCenterViewController.swift */ = {isa = PBXFileReference; lastKnownFileType = sourcecode.swift; path = FPFitnessCenterViewController.swift; sourceTree = "<group>"; };
		92FEDA0E26ADAF040045941D /* FPRecordViewController.swift */ = {isa = PBXFileReference; lastKnownFileType = sourcecode.swift; path = FPRecordViewController.swift; sourceTree = "<group>"; };
		92FEDA1126ADAF730045941D /* FPHomeViewController.swift */ = {isa = PBXFileReference; lastKnownFileType = sourcecode.swift; path = FPHomeViewController.swift; sourceTree = "<group>"; };
		92FEDA1426ADAF860045941D /* FPMineCenterViewController.swift */ = {isa = PBXFileReference; lastKnownFileType = sourcecode.swift; path = FPMineCenterViewController.swift; sourceTree = "<group>"; };
		92FEDA1726ADB0E50045941D /* FPFitnessCenterViewController+Ext.swift */ = {isa = PBXFileReference; lastKnownFileType = sourcecode.swift; path = "FPFitnessCenterViewController+Ext.swift"; sourceTree = "<group>"; };
		92FEDA3226ADB9FE0045941D /* home.json */ = {isa = PBXFileReference; lastKnownFileType = text.json; path = home.json; sourceTree = "<group>"; };
/* End PBXFileReference section */

/* Begin PBXFrameworksBuildPhase section */
		92A734B326A87AF100C0D21F /* Frameworks */ = {
			isa = PBXFrameworksBuildPhase;
			buildActionMask = 2147483647;
			files = (
				9FEE701F6FE1B88B785320D2 /* Pods_FitPal.framework in Frameworks */,
			);
			runOnlyForDeploymentPostprocessing = 0;
		};
/* End PBXFrameworksBuildPhase section */

/* Begin PBXGroup section */
		4FAFE8BB3D15E5901A87A9F4 /* Pods */ = {
			isa = PBXGroup;
			children = (
				561CBDED8F2422985CBF32E2 /* Pods-FitPal.debug.xcconfig */,
				6840FB4C271F5F6838B9D934 /* Pods-FitPal.release.xcconfig */,
			);
			path = Pods;
			sourceTree = "<group>";
		};
		920ED9EE26AB03A100E2A19A /* Utilities */ = {
			isa = PBXGroup;
			children = (
				920ED9EF26AB03B600E2A19A /* FPUIDefinitions.swift */,
				920EDA0226AB591900E2A19A /* FPStatusBarHelper.swift */,
			);
			path = Utilities;
			sourceTree = "<group>";
		};
		920ED9F326AB05A900E2A19A /* Services */ = {
			isa = PBXGroup;
			children = (
			);
			path = Services;
			sourceTree = "<group>";
		};
		920ED9F526AB05C800E2A19A /* Models */ = {
			isa = PBXGroup;
			children = (
			);
			path = Models;
			sourceTree = "<group>";
		};
		920ED9F626AB05DE00E2A19A /* SharedUI */ = {
			isa = PBXGroup;
			children = (
				920ED9FF26AB1B9A00E2A19A /* FPBackgroundCell.swift */,
				920EDA0D26AB6E5C00E2A19A /* FPButtonFactory.swift */,
				920EDA1026AB705C00E2A19A /* FPButton.swift */,
				929824D226ADE0DC002C0A3F /* FPTabBar.swift */,
				929824E126AF8666002C0A3F /* FPActivityCell.swift */,
				929824E726B04091002C0A3F /* FPFeedStatusView.swift */,
				929824EA26B04F1B002C0A3F /* FPVerticalLine.swift */,
				929824ED26B05226002C0A3F /* FPFeedBottomBar.swift */,
				929824F226B0605C002C0A3F /* FPMineCenterTopBar.swift */,
				929824F926B082C2002C0A3F /* FPProfileCell.swift */,
				929824FC26B082DD002C0A3F /* FPStatusCell.swift */,
				929824FF26B082FE002C0A3F /* FPWeeklyStatusCell.swift */,
				9298250226B0BB0E002C0A3F /* FPStatusCell+Ext.swift */,
				9298250626B0BB93002C0A3F /* FPOptionCell.swift */,
			);
			path = SharedUI;
			sourceTree = "<group>";
		};
		92A734AD26A87AF100C0D21F = {
			isa = PBXGroup;
			children = (
				92A734B826A87AF100C0D21F /* FitPal */,
				92A734B726A87AF100C0D21F /* Products */,
				4FAFE8BB3D15E5901A87A9F4 /* Pods */,
				B33F20CA538055AA427CC0D9 /* Frameworks */,
			);
			sourceTree = "<group>";
		};
		92A734B726A87AF100C0D21F /* Products */ = {
			isa = PBXGroup;
			children = (
				92A734B626A87AF100C0D21F /* FitPal.app */,
			);
			name = Products;
			sourceTree = "<group>";
		};
		92A734B826A87AF100C0D21F /* FitPal */ = {
			isa = PBXGroup;
			children = (
				92FEDA3526ADBB240045941D /* LottieAnimations */,
				92FED9FC26AD8F960045941D /* FitPal.entitlements */,
				920ED9F626AB05DE00E2A19A /* SharedUI */,
				920ED9F526AB05C800E2A19A /* Models */,
				920ED9F326AB05A900E2A19A /* Services */,
				920ED9EE26AB03A100E2A19A /* Utilities */,
				92A734D126A87C9A00C0D21F /* ViewControllers */,
				92A734B926A87AF100C0D21F /* AppDelegate.swift */,
				92A734BB26A87AF100C0D21F /* SceneDelegate.swift */,
				92A734C226A87AF200C0D21F /* Assets.xcassets */,
				92A734C426A87AF200C0D21F /* LaunchScreen.storyboard */,
				92A734C726A87AF200C0D21F /* Info.plist */,
				926E9E0126AC58D500279AB2 /* GoogleService-Info.plist */,
			);
			path = FitPal;
			sourceTree = "<group>";
		};
		92A734D126A87C9A00C0D21F /* ViewControllers */ = {
			isa = PBXGroup;
			children = (
				92A734BD26A87AF100C0D21F /* FPMainViewController.swift */,
				920ED9F826AB107A00E2A19A /* FPMainViewController+Extension.swift */,
				926E9E2A26AC634D00279AB2 /* FPLoginViewController.swift */,
				92FEDA0226ADA3FE0045941D /* FPLoginViewController+TextFieldExt.swift */,
				92FEDA0B26ADAE870045941D /* FPFitnessCenterViewController.swift */,
				92FEDA0E26ADAF040045941D /* FPRecordViewController.swift */,
				92FEDA1126ADAF730045941D /* FPHomeViewController.swift */,
				92FEDA1426ADAF860045941D /* FPMineCenterViewController.swift */,
				92FEDA1726ADB0E50045941D /* FPFitnessCenterViewController+Ext.swift */,
				929824D626AF10D4002C0A3F /* FPHomeActivitiesViewController.swift */,
				929824D926AF1216002C0A3F /* FPMineInfoViewController.swift */,
				929824DC26AF1818002C0A3F /* FPRecordViewController+MapExt.swift */,
				929824E426AF86BE002C0A3F /* FPHomeActivitiesViewController+Ext.swift */,
				929824F526B0730C002C0A3F /* FPMineInfoViewController+Ext.swift */,
				9298254726B20F8E002C0A3F /* FPSettingsViewController.swift */,
				9298254A26B20FA3002C0A3F /* FPStatisticsViewController.swift */,
				9298254D26B20FC0002C0A3F /* FPPersonalActivitiesViewController.swift */,
				9298255026B224B9002C0A3F /* FPAddFriendsViewController.swift */,
			);
			path = ViewControllers;
			sourceTree = "<group>";
		};
		92FEDA3526ADBB240045941D /* LottieAnimations */ = {
			isa = PBXGroup;
			children = (
				92FEDA3226ADB9FE0045941D /* home.json */,
				929824CF26ADBF7B002C0A3F /* record.json */,
				929824C826ADBF2E002C0A3F /* mineCenter.json */,
			);
			path = LottieAnimations;
			sourceTree = "<group>";
		};
		B33F20CA538055AA427CC0D9 /* Frameworks */ = {
			isa = PBXGroup;
			children = (
				83E11270F72B689F971BC3E0 /* Pods_FitPal.framework */,
			);
			name = Frameworks;
			sourceTree = "<group>";
		};
/* End PBXGroup section */

/* Begin PBXNativeTarget section */
		92A734B526A87AF100C0D21F /* FitPal */ = {
			isa = PBXNativeTarget;
			buildConfigurationList = 92A734CA26A87AF200C0D21F /* Build configuration list for PBXNativeTarget "FitPal" */;
			buildPhases = (
				5D7C313804BA8B5F17C2E3F6 /* [CP] Check Pods Manifest.lock */,
				92A734B226A87AF100C0D21F /* Sources */,
				92A734B326A87AF100C0D21F /* Frameworks */,
				92A734B426A87AF100C0D21F /* Resources */,
				24C3C38DDEB5547EA2088EF5 /* [CP] Embed Pods Frameworks */,
				151E232AF19A9C74CB161C63 /* [CP] Copy Pods Resources */,
			);
			buildRules = (
			);
			dependencies = (
			);
			name = FitPal;
			productName = FitPal;
			productReference = 92A734B626A87AF100C0D21F /* FitPal.app */;
			productType = "com.apple.product-type.application";
		};
/* End PBXNativeTarget section */

/* Begin PBXProject section */
		92A734AE26A87AF100C0D21F /* Project object */ = {
			isa = PBXProject;
			attributes = {
				LastSwiftUpdateCheck = 1240;
				LastUpgradeCheck = 1240;
				TargetAttributes = {
					92A734B526A87AF100C0D21F = {
						CreatedOnToolsVersion = 12.4;
					};
				};
			};
			buildConfigurationList = 92A734B126A87AF100C0D21F /* Build configuration list for PBXProject "FitPal" */;
			compatibilityVersion = "Xcode 9.3";
			developmentRegion = en;
			hasScannedForEncodings = 0;
			knownRegions = (
				en,
				Base,
			);
			mainGroup = 92A734AD26A87AF100C0D21F;
			productRefGroup = 92A734B726A87AF100C0D21F /* Products */;
			projectDirPath = "";
			projectRoot = "";
			targets = (
				92A734B526A87AF100C0D21F /* FitPal */,
			);
		};
/* End PBXProject section */

/* Begin PBXResourcesBuildPhase section */
		92A734B426A87AF100C0D21F /* Resources */ = {
			isa = PBXResourcesBuildPhase;
			buildActionMask = 2147483647;
			files = (
				929824D026ADBF7B002C0A3F /* record.json in Resources */,
				92A734C626A87AF200C0D21F /* LaunchScreen.storyboard in Resources */,
				926E9E0226AC58D500279AB2 /* GoogleService-Info.plist in Resources */,
				92FEDA3326ADB9FE0045941D /* home.json in Resources */,
				92A734C326A87AF200C0D21F /* Assets.xcassets in Resources */,
				929824C926ADBF2E002C0A3F /* mineCenter.json in Resources */,
			);
			runOnlyForDeploymentPostprocessing = 0;
		};
/* End PBXResourcesBuildPhase section */

/* Begin PBXShellScriptBuildPhase section */
		151E232AF19A9C74CB161C63 /* [CP] Copy Pods Resources */ = {
			isa = PBXShellScriptBuildPhase;
			buildActionMask = 2147483647;
			files = (
			);
			inputFileListPaths = (
				"${PODS_ROOT}/Target Support Files/Pods-FitPal/Pods-FitPal-resources-${CONFIGURATION}-input-files.xcfilelist",
			);
			name = "[CP] Copy Pods Resources";
			outputFileListPaths = (
				"${PODS_ROOT}/Target Support Files/Pods-FitPal/Pods-FitPal-resources-${CONFIGURATION}-output-files.xcfilelist",
			);
			runOnlyForDeploymentPostprocessing = 0;
			shellPath = /bin/sh;
			shellScript = "\"${PODS_ROOT}/Target Support Files/Pods-FitPal/Pods-FitPal-resources.sh\"\n";
			showEnvVarsInLog = 0;
		};
		24C3C38DDEB5547EA2088EF5 /* [CP] Embed Pods Frameworks */ = {
			isa = PBXShellScriptBuildPhase;
			buildActionMask = 2147483647;
			files = (
			);
			inputFileListPaths = (
				"${PODS_ROOT}/Target Support Files/Pods-FitPal/Pods-FitPal-frameworks-${CONFIGURATION}-input-files.xcfilelist",
			);
			name = "[CP] Embed Pods Frameworks";
			outputFileListPaths = (
				"${PODS_ROOT}/Target Support Files/Pods-FitPal/Pods-FitPal-frameworks-${CONFIGURATION}-output-files.xcfilelist",
			);
			runOnlyForDeploymentPostprocessing = 0;
			shellPath = /bin/sh;
			shellScript = "\"${PODS_ROOT}/Target Support Files/Pods-FitPal/Pods-FitPal-frameworks.sh\"\n";
			showEnvVarsInLog = 0;
		};
		5D7C313804BA8B5F17C2E3F6 /* [CP] Check Pods Manifest.lock */ = {
			isa = PBXShellScriptBuildPhase;
			buildActionMask = 2147483647;
			files = (
			);
			inputFileListPaths = (
			);
			inputPaths = (
				"${PODS_PODFILE_DIR_PATH}/Podfile.lock",
				"${PODS_ROOT}/Manifest.lock",
			);
			name = "[CP] Check Pods Manifest.lock";
			outputFileListPaths = (
			);
			outputPaths = (
				"$(DERIVED_FILE_DIR)/Pods-FitPal-checkManifestLockResult.txt",
			);
			runOnlyForDeploymentPostprocessing = 0;
			shellPath = /bin/sh;
			shellScript = "diff \"${PODS_PODFILE_DIR_PATH}/Podfile.lock\" \"${PODS_ROOT}/Manifest.lock\" > /dev/null\nif [ $? != 0 ] ; then\n    # print error to STDERR\n    echo \"error: The sandbox is not in sync with the Podfile.lock. Run 'pod install' or update your CocoaPods installation.\" >&2\n    exit 1\nfi\n# This output is used by Xcode 'outputs' to avoid re-running this script phase.\necho \"SUCCESS\" > \"${SCRIPT_OUTPUT_FILE_0}\"\n";
			showEnvVarsInLog = 0;
		};
/* End PBXShellScriptBuildPhase section */

/* Begin PBXSourcesBuildPhase section */
		92A734B226A87AF100C0D21F /* Sources */ = {
			isa = PBXSourcesBuildPhase;
			buildActionMask = 2147483647;
			files = (
				9298255126B224B9002C0A3F /* FPAddFriendsViewController.swift in Sources */,
				929824DD26AF1818002C0A3F /* FPRecordViewController+MapExt.swift in Sources */,
				929824FD26B082DD002C0A3F /* FPStatusCell.swift in Sources */,
				929824DA26AF1216002C0A3F /* FPMineInfoViewController.swift in Sources */,
				929824E826B04091002C0A3F /* FPFeedStatusView.swift in Sources */,
				92FEDA1826ADB0E50045941D /* FPFitnessCenterViewController+Ext.swift in Sources */,
				920ED9F026AB03B600E2A19A /* FPUIDefinitions.swift in Sources */,
				929824E226AF8666002C0A3F /* FPActivityCell.swift in Sources */,
				920EDA0026AB1B9A00E2A19A /* FPBackgroundCell.swift in Sources */,
				920EDA0E26AB6E5C00E2A19A /* FPButtonFactory.swift in Sources */,
				92FEDA1526ADAF860045941D /* FPMineCenterViewController.swift in Sources */,
				92FEDA1226ADAF730045941D /* FPHomeViewController.swift in Sources */,
				929824D726AF10D4002C0A3F /* FPHomeActivitiesViewController.swift in Sources */,
				92A734BE26A87AF100C0D21F /* FPMainViewController.swift in Sources */,
				929824D326ADE0DC002C0A3F /* FPTabBar.swift in Sources */,
				92A734BA26A87AF100C0D21F /* AppDelegate.swift in Sources */,
				9298254E26B20FC0002C0A3F /* FPPersonalActivitiesViewController.swift in Sources */,
				920ED9F926AB107A00E2A19A /* FPMainViewController+Extension.swift in Sources */,
				9298254B26B20FA3002C0A3F /* FPStatisticsViewController.swift in Sources */,
				9298250326B0BB0E002C0A3F /* FPStatusCell+Ext.swift in Sources */,
				929824EE26B05226002C0A3F /* FPFeedBottomBar.swift in Sources */,
				929824F626B0730C002C0A3F /* FPMineInfoViewController+Ext.swift in Sources */,
				92A734BC26A87AF100C0D21F /* SceneDelegate.swift in Sources */,
				920EDA0326AB591900E2A19A /* FPStatusBarHelper.swift in Sources */,
				929824E526AF86BE002C0A3F /* FPHomeActivitiesViewController+Ext.swift in Sources */,
				92FEDA0C26ADAE870045941D /* FPFitnessCenterViewController.swift in Sources */,
				929824FA26B082C2002C0A3F /* FPProfileCell.swift in Sources */,
				926E9E2B26AC634D00279AB2 /* FPLoginViewController.swift in Sources */,
				929824F326B0605C002C0A3F /* FPMineCenterTopBar.swift in Sources */,
				920EDA1126AB705C00E2A19A /* FPButton.swift in Sources */,
				9298250026B082FE002C0A3F /* FPWeeklyStatusCell.swift in Sources */,
				9298250726B0BB93002C0A3F /* FPOptionCell.swift in Sources */,
				92FEDA0326ADA3FE0045941D /* FPLoginViewController+TextFieldExt.swift in Sources */,
				9298254826B20F8E002C0A3F /* FPSettingsViewController.swift in Sources */,
				92FEDA0F26ADAF040045941D /* FPRecordViewController.swift in Sources */,
				929824EB26B04F1B002C0A3F /* FPVerticalLine.swift in Sources */,
			);
			runOnlyForDeploymentPostprocessing = 0;
		};
/* End PBXSourcesBuildPhase section */

/* Begin PBXVariantGroup section */
		92A734C426A87AF200C0D21F /* LaunchScreen.storyboard */ = {
			isa = PBXVariantGroup;
			children = (
				92A734C526A87AF200C0D21F /* Base */,
			);
			name = LaunchScreen.storyboard;
			sourceTree = "<group>";
		};
/* End PBXVariantGroup section */

/* Begin XCBuildConfiguration section */
		92A734C826A87AF200C0D21F /* Debug */ = {
			isa = XCBuildConfiguration;
			buildSettings = {
				ALWAYS_SEARCH_USER_PATHS = NO;
				CLANG_ANALYZER_NONNULL = YES;
				CLANG_ANALYZER_NUMBER_OBJECT_CONVERSION = YES_AGGRESSIVE;
				CLANG_CXX_LANGUAGE_STANDARD = "gnu++14";
				CLANG_CXX_LIBRARY = "libc++";
				CLANG_ENABLE_MODULES = YES;
				CLANG_ENABLE_OBJC_ARC = YES;
				CLANG_ENABLE_OBJC_WEAK = YES;
				CLANG_WARN_BLOCK_CAPTURE_AUTORELEASING = YES;
				CLANG_WARN_BOOL_CONVERSION = YES;
				CLANG_WARN_COMMA = YES;
				CLANG_WARN_CONSTANT_CONVERSION = YES;
				CLANG_WARN_DEPRECATED_OBJC_IMPLEMENTATIONS = YES;
				CLANG_WARN_DIRECT_OBJC_ISA_USAGE = YES_ERROR;
				CLANG_WARN_DOCUMENTATION_COMMENTS = YES;
				CLANG_WARN_EMPTY_BODY = YES;
				CLANG_WARN_ENUM_CONVERSION = YES;
				CLANG_WARN_INFINITE_RECURSION = YES;
				CLANG_WARN_INT_CONVERSION = YES;
				CLANG_WARN_NON_LITERAL_NULL_CONVERSION = YES;
				CLANG_WARN_OBJC_IMPLICIT_RETAIN_SELF = YES;
				CLANG_WARN_OBJC_LITERAL_CONVERSION = YES;
				CLANG_WARN_OBJC_ROOT_CLASS = YES_ERROR;
				CLANG_WARN_QUOTED_INCLUDE_IN_FRAMEWORK_HEADER = YES;
				CLANG_WARN_RANGE_LOOP_ANALYSIS = YES;
				CLANG_WARN_STRICT_PROTOTYPES = YES;
				CLANG_WARN_SUSPICIOUS_MOVE = YES;
				CLANG_WARN_UNGUARDED_AVAILABILITY = YES_AGGRESSIVE;
				CLANG_WARN_UNREACHABLE_CODE = YES;
				CLANG_WARN__DUPLICATE_METHOD_MATCH = YES;
				COPY_PHASE_STRIP = NO;
				DEBUG_INFORMATION_FORMAT = dwarf;
				ENABLE_STRICT_OBJC_MSGSEND = YES;
				ENABLE_TESTABILITY = YES;
				GCC_C_LANGUAGE_STANDARD = gnu11;
				GCC_DYNAMIC_NO_PIC = NO;
				GCC_NO_COMMON_BLOCKS = YES;
				GCC_OPTIMIZATION_LEVEL = 0;
				GCC_PREPROCESSOR_DEFINITIONS = (
					"DEBUG=1",
					"$(inherited)",
				);
				GCC_WARN_64_TO_32_BIT_CONVERSION = YES;
				GCC_WARN_ABOUT_RETURN_TYPE = YES_ERROR;
				GCC_WARN_UNDECLARED_SELECTOR = YES;
				GCC_WARN_UNINITIALIZED_AUTOS = YES_AGGRESSIVE;
				GCC_WARN_UNUSED_FUNCTION = YES;
				GCC_WARN_UNUSED_VARIABLE = YES;
				IPHONEOS_DEPLOYMENT_TARGET = 14.4;
				MTL_ENABLE_DEBUG_INFO = INCLUDE_SOURCE;
				MTL_FAST_MATH = YES;
				ONLY_ACTIVE_ARCH = YES;
				SDKROOT = iphoneos;
				SWIFT_ACTIVE_COMPILATION_CONDITIONS = DEBUG;
				SWIFT_OPTIMIZATION_LEVEL = "-Onone";
			};
			name = Debug;
		};
		92A734C926A87AF200C0D21F /* Release */ = {
			isa = XCBuildConfiguration;
			buildSettings = {
				ALWAYS_SEARCH_USER_PATHS = NO;
				CLANG_ANALYZER_NONNULL = YES;
				CLANG_ANALYZER_NUMBER_OBJECT_CONVERSION = YES_AGGRESSIVE;
				CLANG_CXX_LANGUAGE_STANDARD = "gnu++14";
				CLANG_CXX_LIBRARY = "libc++";
				CLANG_ENABLE_MODULES = YES;
				CLANG_ENABLE_OBJC_ARC = YES;
				CLANG_ENABLE_OBJC_WEAK = YES;
				CLANG_WARN_BLOCK_CAPTURE_AUTORELEASING = YES;
				CLANG_WARN_BOOL_CONVERSION = YES;
				CLANG_WARN_COMMA = YES;
				CLANG_WARN_CONSTANT_CONVERSION = YES;
				CLANG_WARN_DEPRECATED_OBJC_IMPLEMENTATIONS = YES;
				CLANG_WARN_DIRECT_OBJC_ISA_USAGE = YES_ERROR;
				CLANG_WARN_DOCUMENTATION_COMMENTS = YES;
				CLANG_WARN_EMPTY_BODY = YES;
				CLANG_WARN_ENUM_CONVERSION = YES;
				CLANG_WARN_INFINITE_RECURSION = YES;
				CLANG_WARN_INT_CONVERSION = YES;
				CLANG_WARN_NON_LITERAL_NULL_CONVERSION = YES;
				CLANG_WARN_OBJC_IMPLICIT_RETAIN_SELF = YES;
				CLANG_WARN_OBJC_LITERAL_CONVERSION = YES;
				CLANG_WARN_OBJC_ROOT_CLASS = YES_ERROR;
				CLANG_WARN_QUOTED_INCLUDE_IN_FRAMEWORK_HEADER = YES;
				CLANG_WARN_RANGE_LOOP_ANALYSIS = YES;
				CLANG_WARN_STRICT_PROTOTYPES = YES;
				CLANG_WARN_SUSPICIOUS_MOVE = YES;
				CLANG_WARN_UNGUARDED_AVAILABILITY = YES_AGGRESSIVE;
				CLANG_WARN_UNREACHABLE_CODE = YES;
				CLANG_WARN__DUPLICATE_METHOD_MATCH = YES;
				COPY_PHASE_STRIP = NO;
				DEBUG_INFORMATION_FORMAT = "dwarf-with-dsym";
				ENABLE_NS_ASSERTIONS = NO;
				ENABLE_STRICT_OBJC_MSGSEND = YES;
				GCC_C_LANGUAGE_STANDARD = gnu11;
				GCC_NO_COMMON_BLOCKS = YES;
				GCC_WARN_64_TO_32_BIT_CONVERSION = YES;
				GCC_WARN_ABOUT_RETURN_TYPE = YES_ERROR;
				GCC_WARN_UNDECLARED_SELECTOR = YES;
				GCC_WARN_UNINITIALIZED_AUTOS = YES_AGGRESSIVE;
				GCC_WARN_UNUSED_FUNCTION = YES;
				GCC_WARN_UNUSED_VARIABLE = YES;
				IPHONEOS_DEPLOYMENT_TARGET = 14.4;
				MTL_ENABLE_DEBUG_INFO = NO;
				MTL_FAST_MATH = YES;
				SDKROOT = iphoneos;
				SWIFT_COMPILATION_MODE = wholemodule;
				SWIFT_OPTIMIZATION_LEVEL = "-O";
				VALIDATE_PRODUCT = YES;
			};
			name = Release;
		};
		92A734CB26A87AF200C0D21F /* Debug */ = {
			isa = XCBuildConfiguration;
			baseConfigurationReference = 561CBDED8F2422985CBF32E2 /* Pods-FitPal.debug.xcconfig */;
			buildSettings = {
				ASSETCATALOG_COMPILER_APPICON_NAME = AppIcon;
				ASSETCATALOG_COMPILER_GLOBAL_ACCENT_COLOR_NAME = AccentColor;
				CODE_SIGN_ENTITLEMENTS = FitPal/FitPal.entitlements;
				CODE_SIGN_STYLE = Automatic;
				CURRENT_PROJECT_VERSION = 1.0.7;
				DEVELOPMENT_TEAM = 8L83CZ8839;
				INFOPLIST_FILE = FitPal/Info.plist;
				LD_RUNPATH_SEARCH_PATHS = (
					"$(inherited)",
					"@executable_path/Frameworks",
				);
				PRODUCT_BUNDLE_IDENTIFIER = "jerry-lai.FitPal";
				PRODUCT_NAME = "$(TARGET_NAME)";
				SWIFT_VERSION = 5.0;
				TARGETED_DEVICE_FAMILY = 1;
			};
			name = Debug;
		};
		92A734CC26A87AF200C0D21F /* Release */ = {
			isa = XCBuildConfiguration;
			baseConfigurationReference = 6840FB4C271F5F6838B9D934 /* Pods-FitPal.release.xcconfig */;
			buildSettings = {
				ASSETCATALOG_COMPILER_APPICON_NAME = AppIcon;
				ASSETCATALOG_COMPILER_GLOBAL_ACCENT_COLOR_NAME = AccentColor;
				CODE_SIGN_ENTITLEMENTS = FitPal/FitPal.entitlements;
				CODE_SIGN_STYLE = Automatic;
				CURRENT_PROJECT_VERSION = 1.0.7;
				DEVELOPMENT_TEAM = 8L83CZ8839;
				INFOPLIST_FILE = FitPal/Info.plist;
				LD_RUNPATH_SEARCH_PATHS = (
					"$(inherited)",
					"@executable_path/Frameworks",
				);
				PRODUCT_BUNDLE_IDENTIFIER = "jerry-lai.FitPal";
				PRODUCT_NAME = "$(TARGET_NAME)";
				SWIFT_VERSION = 5.0;
				TARGETED_DEVICE_FAMILY = 1;
			};
			name = Release;
		};
/* End XCBuildConfiguration section */

/* Begin XCConfigurationList section */
		92A734B126A87AF100C0D21F /* Build configuration list for PBXProject "FitPal" */ = {
			isa = XCConfigurationList;
			buildConfigurations = (
				92A734C826A87AF200C0D21F /* Debug */,
				92A734C926A87AF200C0D21F /* Release */,
			);
			defaultConfigurationIsVisible = 0;
			defaultConfigurationName = Release;
		};
		92A734CA26A87AF200C0D21F /* Build configuration list for PBXNativeTarget "FitPal" */ = {
			isa = XCConfigurationList;
			buildConfigurations = (
				92A734CB26A87AF200C0D21F /* Debug */,
				92A734CC26A87AF200C0D21F /* Release */,
			);
			defaultConfigurationIsVisible = 0;
			defaultConfigurationName = Release;
		};
/* End XCConfigurationList section */
	};
	rootObject = 92A734AE26A87AF100C0D21F /* Project object */;
}
